
Microsoft Visual Studio Solution File, Format Version 12.00
# Visual Studio 2013
VisualStudioVersion = 12.0.40629.0
MinimumVisualStudioVersion = 10.0.40219.1
Project("{8BC9CEB8-8B4A-11D0-8D11-00A0C91BC942}") = "acountry", "acountryProject\acountry.vcxproj", "{CF368F91-C148-4406-BD31-D41FBE97F33E}"
	ProjectSection(ProjectDependencies) = postProject
		{329A8304-6B73-441C-92E8-AFD05AD1A146} = {329A8304-6B73-441C-92E8-AFD05AD1A146}
	EndProjectSection
EndProject
Project("{8BC9CEB8-8B4A-11D0-8D11-00A0C91BC942}") = "adig", "adigProject\adig.vcxproj", "{14D67A6E-AFC9-4195-88FF-72D2C0D4631F}"
	ProjectSection(ProjectDependencies) = postProject
		{329A8304-6B73-441C-92E8-AFD05AD1A146} = {329A8304-6B73-441C-92E8-AFD05AD1A146}
	EndProjectSection
EndProject
Project("{8BC9CEB8-8B4A-11D0-8D11-00A0C91BC942}") = "ahost", "ahostProject\ahost.vcxproj", "{590880ED-CD06-4658-ABCF-5A80EA5606D6}"
	ProjectSection(ProjectDependencies) = postProject
		{329A8304-6B73-441C-92E8-AFD05AD1A146} = {329A8304-6B73-441C-92E8-AFD05AD1A146}
	EndProjectSection
EndProject
Project("{8BC9CEB8-8B4A-11D0-8D11-00A0C91BC942}") = "cares", "caresProject\cares.vcxproj", "{329A8304-6B73-441C-92E8-AFD05AD1A146}"
EndProject
Global
	GlobalSection(SolutionConfigurationPlatforms) = preSolution
		DLL Debug|Win32 = DLL Debug|Win32
		DLL Debug|x64 = DLL Debug|x64
		DLL Release|Win32 = DLL Release|Win32
		DLL Release|x64 = DLL Release|x64
		LIB Debug|Win32 = LIB Debug|Win32
		LIB Debug|x64 = LIB Debug|x64
		LIB Release|Win32 = LIB Release|Win32
		LIB Release|x64 = LIB Release|x64
	EndGlobalSection
	GlobalSection(ProjectConfigurationPlatforms) = postSolution
		{CF368F91-C148-4406-BD31-D41FBE97F33E}.DLL Debug|Win32.ActiveCfg = DLL Debug|Win32
		{CF368F91-C148-4406-BD31-D41FBE97F33E}.DLL Debug|Win32.Build.0 = DLL Debug|Win32
		{CF368F91-C148-4406-BD31-D41FBE97F33E}.DLL Debug|x64.ActiveCfg = DLL Debug|x64
		{CF368F91-C148-4406-BD31-D41FBE97F33E}.DLL Debug|x64.Build.0 = DLL Debug|x64
		{CF368F91-C148-4406-BD31-D41FBE97F33E}.DLL Release|Win32.ActiveCfg = DLL Release|Win32
		{CF368F91-C148-4406-BD31-D41FBE97F33E}.DLL Release|Win32.Build.0 = DLL Release|Win32
		{CF368F91-C148-4406-BD31-D41FBE97F33E}.DLL Release|x64.ActiveCfg = DLL Release|x64
		{CF368F91-C148-4406-BD31-D41FBE97F33E}.DLL Release|x64.Build.0 = DLL Release|x64
		{CF368F91-C148-4406-BD31-D41FBE97F33E}.LIB Debug|Win32.ActiveCfg = LIB Debug|Win32
		{CF368F91-C148-4406-BD31-D41FBE97F33E}.LIB Debug|Win32.Build.0 = LIB Debug|Win32
		{CF368F91-C148-4406-BD31-D41FBE97F33E}.LIB Debug|x64.ActiveCfg = LIB Debug|x64
		{CF368F91-C148-4406-BD31-D41FBE97F33E}.LIB Debug|x64.Build.0 = LIB Debug|x64
		{CF368F91-C148-4406-BD31-D41FBE97F33E}.LIB Release|Win32.ActiveCfg = LIB Release|Win32
		{CF368F91-C148-4406-BD31-D41FBE97F33E}.LIB Release|Win32.Build.0 = LIB Release|Win32
		{CF368F91-C148-4406-BD31-D41FBE97F33E}.LIB Release|x64.ActiveCfg = LIB Release|x64
		{CF368F91-C148-4406-BD31-D41FBE97F33E}.LIB Release|x64.Build.0 = LIB Release|x64
		{14D67A6E-AFC9-4195-88FF-72D2C0D4631F}.DLL Debug|Win32.ActiveCfg = DLL Debug|Win32
		{14D67A6E-AFC9-4195-88FF-72D2C0D4631F}.DLL Debug|Win32.Build.0 = DLL Debug|Win32
		{14D67A6E-AFC9-4195-88FF-72D2C0D4631F}.DLL Debug|x64.ActiveCfg = DLL Debug|x64
		{14D67A6E-AFC9-4195-88FF-72D2C0D4631F}.DLL Debug|x64.Build.0 = DLL Debug|x64
		{14D67A6E-AFC9-4195-88FF-72D2C0D4631F}.DLL Release|Win32.ActiveCfg = DLL Release|Win32
		{14D67A6E-AFC9-4195-88FF-72D2C0D4631F}.DLL Release|Win32.Build.0 = DLL Release|Win32
		{14D67A6E-AFC9-4195-88FF-72D2C0D4631F}.DLL Release|x64.ActiveCfg = DLL Release|x64
		{14D67A6E-AFC9-4195-88FF-72D2C0D4631F}.DLL Release|x64.Build.0 = DLL Release|x64
		{14D67A6E-AFC9-4195-88FF-72D2C0D4631F}.LIB Debug|Win32.ActiveCfg = LIB Debug|Win32
		{14D67A6E-AFC9-4195-88FF-72D2C0D4631F}.LIB Debug|Win32.Build.0 = LIB Debug|Win32
		{14D67A6E-AFC9-4195-88FF-72D2C0D4631F}.LIB Debug|x64.ActiveCfg = LIB Debug|x64
		{14D67A6E-AFC9-4195-88FF-72D2C0D4631F}.LIB Debug|x64.Build.0 = LIB Debug|x64
		{14D67A6E-AFC9-4195-88FF-72D2C0D4631F}.LIB Release|Win32.ActiveCfg = LIB Release|Win32
		{14D67A6E-AFC9-4195-88FF-72D2C0D4631F}.LIB Release|Win32.Build.0 = LIB Release|Win32
		{14D67A6E-AFC9-4195-88FF-72D2C0D4631F}.LIB Release|x64.ActiveCfg = LIB Release|x64
		{14D67A6E-AFC9-4195-88FF-72D2C0D4631F}.LIB Release|x64.Build.0 = LIB Release|x64
		{590880ED-CD06-4658-ABCF-5A80EA5606D6}.DLL Debug|Win32.ActiveCfg = DLL Debug|Win32
		{590880ED-CD06-4658-ABCF-5A80EA5606D6}.DLL Debug|Win32.Build.0 = DLL Debug|Win32
		{590880ED-CD06-4658-ABCF-5A80EA5606D6}.DLL Debug|x64.ActiveCfg = DLL Debug|x64
		{590880ED-CD06-4658-ABCF-5A80EA5606D6}.DLL Debug|x64.Build.0 = DLL Debug|x64
		{590880ED-CD06-4658-ABCF-5A80EA5606D6}.DLL Release|Win32.ActiveCfg = DLL Release|Win32
		{590880ED-CD06-4658-ABCF-5A80EA5606D6}.DLL Release|Win32.Build.0 = DLL Release|Win32
		{590880ED-CD06-4658-ABCF-5A80EA5606D6}.DLL Release|x64.ActiveCfg = DLL Release|x64
		{590880ED-CD06-4658-ABCF-5A80EA5606D6}.DLL Release|x64.Build.0 = DLL Release|x64
		{590880ED-CD06-4658-ABCF-5A80EA5606D6}.LIB Debug|Win32.ActiveCfg = LIB Debug|Win32
		{590880ED-CD06-4658-ABCF-5A80EA5606D6}.LIB Debug|Win32.Build.0 = LIB Debug|Win32
		{590880ED-CD06-4658-ABCF-5A80EA5606D6}.LIB Debug|x64.ActiveCfg = LIB Debug|x64
		{590880ED-CD06-4658-ABCF-5A80EA5606D6}.LIB Debug|x64.Build.0 = LIB Debug|x64
		{590880ED-CD06-4658-ABCF-5A80EA5606D6}.LIB Release|Win32.ActiveCfg = LIB Release|Win32
		{590880ED-CD06-4658-ABCF-5A80EA5606D6}.LIB Release|Win32.Build.0 = LIB Release|Win32
		{590880ED-CD06-4658-ABCF-5A80EA5606D6}.LIB Release|x64.ActiveCfg = LIB Release|x64
		{590880ED-CD06-4658-ABCF-5A80EA5606D6}.LIB Release|x64.Build.0 = LIB Release|x64
		{329A8304-6B73-441C-92E8-AFD05AD1A146}.DLL Debug|Win32.ActiveCfg = DLL Debug|Win32
		{329A8304-6B73-441C-92E8-AFD05AD1A146}.DLL Debug|Win32.Build.0 = DLL Debug|Win32
		{329A8304-6B73-441C-92E8-AFD05AD1A146}.DLL Debug|x64.ActiveCfg = DLL Debug|x64
		{329A8304-6B73-441C-92E8-AFD05AD1A146}.DLL Debug|x64.Build.0 = DLL Debug|x64
		{329A8304-6B73-441C-92E8-AFD05AD1A146}.DLL Release|Win32.ActiveCfg = DLL Release|Win32
		{329A8304-6B73-441C-92E8-AFD05AD1A146}.DLL Release|Win32.Build.0 = DLL Release|Win32
		{329A8304-6B73-441C-92E8-AFD05AD1A146}.DLL Release|x64.ActiveCfg = DLL Release|x64
		{329A8304-6B73-441C-92E8-AFD05AD1A146}.DLL Release|x64.Build.0 = DLL Release|x64
		{329A8304-6B73-441C-92E8-AFD05AD1A146}.LIB Debug|Win32.ActiveCfg = LIB Debug|Win32
		{329A8304-6B73-441C-92E8-AFD05AD1A146}.LIB Debug|Win32.Build.0 = LIB Debug|Win32
		{329A8304-6B73-441C-92E8-AFD05AD1A146}.LIB Debug|x64.ActiveCfg = LIB Debug|x64
		{329A8304-6B73-441C-92E8-AFD05AD1A146}.LIB Debug|x64.Build.0 = LIB Debug|x64
		{329A8304-6B73-441C-92E8-AFD05AD1A146}.LIB Release|Win32.ActiveCfg = LIB Release|Win32
		{329A8304-6B73-441C-92E8-AFD05AD1A146}.LIB Release|Win32.Build.0 = LIB Release|Win32
		{329A8304-6B73-441C-92E8-AFD05AD1A146}.LIB Release|x64.ActiveCfg = LIB Release|x64
		{329A8304-6B73-441C-92E8-AFD05AD1A146}.LIB Release|x64.Build.0 = LIB Release|x64
	EndGlobalSection
	GlobalSection(SolutionProperties) = preSolution
		HideSolutionNode = FALSE
	EndGlobalSection
EndGlobal
